// !$*UTF8*$!
{
	archiveVersion = 1;
	classes = {
	};
	objectVersion = 50;
	objects = {

/* Begin PBXBuildFile section */
		ED1E548C20C7E95900418F22 /* AppDelegate.swift in Sources */ = {isa = PBXBuildFile; fileRef = ED1E548B20C7E95900418F22 /* AppDelegate.swift */; };
		ED1E548E20C7E95900418F22 /* ViewController.swift in Sources */ = {isa = PBXBuildFile; fileRef = ED1E548D20C7E95900418F22 /* ViewController.swift */; };
		ED1E549120C7E95900418F22 /* Main.storyboard in Resources */ = {isa = PBXBuildFile; fileRef = ED1E548F20C7E95900418F22 /* Main.storyboard */; };
		ED1E549320C7E95C00418F22 /* Assets.xcassets in Resources */ = {isa = PBXBuildFile; fileRef = ED1E549220C7E95C00418F22 /* Assets.xcassets */; };
		ED1E549620C7E95C00418F22 /* LaunchScreen.storyboard in Resources */ = {isa = PBXBuildFile; fileRef = ED1E549420C7E95C00418F22 /* LaunchScreen.storyboard */; };
		ED1E549E20C7EBDB00418F22 /* VMultipartImage.swift in Sources */ = {isa = PBXBuildFile; fileRef = ED1E549D20C7EBDB00418F22 /* VMultipartImage.swift */; };
/* End PBXBuildFile section */

/* Begin PBXFileReference section */
		ED1E548820C7E95900418F22 /* MultipartImageUpload.app */ = {isa = PBXFileReference; explicitFileType = wrapper.application; includeInIndex = 0; path = MultipartImageUpload.app; sourceTree = BUILT_PRODUCTS_DIR; };
		ED1E548B20C7E95900418F22 /* AppDelegate.swift */ = {isa = PBXFileReference; lastKnownFileType = sourcecode.swift; path = AppDelegate.swift; sourceTree = "<group>"; };
		ED1E548D20C7E95900418F22 /* ViewController.swift */ = {isa = PBXFileReference; lastKnownFileType = sourcecode.swift; path = ViewController.swift; sourceTree = "<group>"; };
		ED1E549020C7E95900418F22 /* Base */ = {isa = PBXFileReference; lastKnownFileType = file.storyboard; name = Base; path = Base.lproj/Main.storyboard; sourceTree = "<group>"; };
		ED1E549220C7E95C00418F22 /* Assets.xcassets */ = {isa = PBXFileReference; lastKnownFileType = folder.assetcatalog; path = Assets.xcassets; sourceTree = "<group>"; };
		ED1E549520C7E95C00418F22 /* Base */ = {isa = PBXFileReference; lastKnownFileType = file.storyboard; name = Base; path = Base.lproj/LaunchScreen.storyboard; sourceTree = "<group>"; };
		ED1E549720C7E95C00418F22 /* Info.plist */ = {isa = PBXFileReference; lastKnownFileType = text.plist.xml; path = Info.plist; sourceTree = "<group>"; };
		ED1E549D20C7EBDB00418F22 /* VMultipartImage.swift */ = {isa = PBXFileReference; lastKnownFileType = sourcecode.swift; path = VMultipartImage.swift; sourceTree = "<group>"; };
/* End PBXFileReference section */

/* Begin PBXFrameworksBuildPhase section */
		ED1E548520C7E95900418F22 /* Frameworks */ = {
			isa = PBXFrameworksBuildPhase;
			buildActionMask = 2147483647;
			files = (
			);
			runOnlyForDeploymentPostprocessing = 0;
		};
/* End PBXFrameworksBuildPhase section */

/* Begin PBXGroup section */
		ED1E547F20C7E95900418F22 = {
			isa = PBXGroup;
			children = (
				ED1E548A20C7E95900418F22 /* MultipartImageUpload */,
				ED1E548920C7E95900418F22 /* Products */,
			);
			sourceTree = "<group>";
		};
		ED1E548920C7E95900418F22 /* Products */ = {
			isa = PBXGroup;
			children = (
				ED1E548820C7E95900418F22 /* MultipartImageUpload.app */,
			);
			name = Products;
			sourceTree = "<group>";
		};
		ED1E548A20C7E95900418F22 /* MultipartImageUpload */ = {
			isa = PBXGroup;
			children = (
				ED1E548B20C7E95900418F22 /* AppDelegate.swift */,
				ED1E548D20C7E95900418F22 /* ViewController.swift */,
				ED1E548F20C7E95900418F22 /* Main.storyboard */,
				ED1E549220C7E95C00418F22 /* Assets.xcassets */,
				ED1E549420C7E95C00418F22 /* LaunchScreen.storyboard */,
				ED1E549720C7E95C00418F22 /* Info.plist */,
				ED1E549D20C7EBDB00418F22 /* VMultipartImage.swift */,
			);
			path = MultipartImageUpload;
			sourceTree = "<group>";
		};
/* End PBXGroup section */

/* Begin PBXNativeTarget section */
		ED1E548720C7E95900418F22 /* MultipartImageUpload */ = {
			isa = PBXNativeTarget;
			buildConfigurationList = ED1E549A20C7E95C00418F22 /* Build configuration list for PBXNativeTarget "MultipartImageUpload" */;
			buildPhases = (
				ED1E548420C7E95900418F22 /* Sources */,
				ED1E548520C7E95900418F22 /* Frameworks */,
				ED1E548620C7E95900418F22 /* Resources */,
			);
			buildRules = (
			);
			dependencies = (
			);
			name = MultipartImageUpload;
			productName = MultipartImageUpload;
			productReference = ED1E548820C7E95900418F22 /* MultipartImageUpload.app */;
			productType = "com.apple.product-type.application";
		};
/* End PBXNativeTarget section */

/* Begin PBXProject section */
		ED1E548020C7E95900418F22 /* Project object */ = {
			isa = PBXProject;
			attributes = {
				LastSwiftUpdateCheck = 0930;
				LastUpgradeCheck = 0930;
				ORGANIZATIONNAME = vishal;
				TargetAttributes = {
					ED1E548720C7E95900418F22 = {
						CreatedOnToolsVersion = 9.3;
					};
				};
			};
			buildConfigurationList = ED1E548320C7E95900418F22 /* Build configuration list for PBXProject "MultipartImageUpload" */;
			compatibilityVersion = "Xcode 9.3";
			developmentRegion = en;
			hasScannedForEncodings = 0;
			knownRegions = (
				en,
				Base,
			);
			mainGroup = ED1E547F20C7E95900418F22;
			productRefGroup = ED1E548920C7E95900418F22 /* Products */;
			projectDirPath = "";
			projectRoot = "";
			targets = (
				ED1E548720C7E95900418F22 /* MultipartImageUpload */,
			);
		};
/* End PBXProject section */

/* Begin PBXResourcesBuildPhase section */
		ED1E548620C7E95900418F22 /* Resources */ = {
			isa = PBXResourcesBuildPhase;
			buildActionMask = 2147483647;
			files = (
				ED1E549620C7E95C00418F22 /* LaunchScreen.storyboard in Resources */,
				ED1E549320C7E95C00418F22 /* Assets.xcassets in Resources */,
				ED1E549120C7E95900418F22 /* Main.storyboard in Resources */,
			);
			runOnlyForDeploymentPostprocessing = 0;
		};
/* End PBXResourcesBuildPhase section */

/* Begin PBXSourcesBuildPhase section */
		ED1E548420C7E95900418F22 /* Sources */ = {
			isa = PBXSourcesBuildPhase;
			buildActionMask = 2147483647;
			files = (
				ED1E548E20C7E95900418F22 /* ViewController.swift in Sources */,
				ED1E549E20C7EBDB00418F22 /* VMultipartImage.swift in Sources */,
				ED1E548C20C7E95900418F22 /* AppDelegate.swift in Sources */,
			);
			runOnlyForDeploymentPostprocessing = 0;
		};
/* End PBXSourcesBuildPhase section */

/* Begin PBXVariantGroup section */
		ED1E548F20C7E95900418F22 /* Main.storyboard */ = {
			isa = PBXVariantGroup;
			children = (
				ED1E549020C7E95900418F22 /* Base */,
			);
			name = Main.storyboard;
			sourceTree = "<group>";
		};
		ED1E549420C7E95C00418F22 /* LaunchScreen.storyboard */ = {
			isa = PBXVariantGroup;
			children = (
				ED1E549520C7E95C00418F22 /* Base */,
			);
			name = LaunchScreen.storyboard;
			sourceTree = "<group>";
		};
/* End PBXVariantGroup section */

/* Begin XCBuildConfiguration section */
		ED1E549820C7E95C00418F22 /* Debug */ = {
			isa = XCBuildConfiguration;
			buildSettings = {
				ALWAYS_SEARCH_USER_PATHS = NO;
				CLANG_ANALYZER_NONNULL = YES;
				CLANG_ANALYZER_NUMBER_OBJECT_CONVERSION = YES_AGGRESSIVE;
				CLANG_CXX_LANGUAGE_STANDARD = "gnu++14";
				CLANG_CXX_LIBRARY = "libc++";
				CLANG_ENABLE_MODULES = YES;
				CLANG_ENABLE_OBJC_ARC = YES;
				CLANG_ENABLE_OBJC_WEAK = YES;
				CLANG_WARN_BLOCK_CAPTURE_AUTORELEASING = YES;
				CLANG_WARN_BOOL_CONVERSION = YES;
				CLANG_WARN_COMMA = YES;
				CLANG_WARN_CONSTANT_CONVERSION = YES;
				CLANG_WARN_DEPRECATED_OBJC_IMPLEMENTATIONS = YES;
				CLANG_WARN_DIRECT_OBJC_ISA_USAGE = YES_ERROR;
				CLANG_WARN_DOCUMENTATION_COMMENTS = YES;
				CLANG_WARN_EMPTY_BODY = YES;
				CLANG_WARN_ENUM_CONVERSION = YES;
				CLANG_WARN_INFINITE_RECURSION = YES;
				CLANG_WARN_INT_CONVERSION = YES;
				CLANG_WARN_NON_LITERAL_NULL_CONVERSION = YES;
				CLANG_WARN_OBJC_IMPLICIT_RETAIN_SELF = YES;
				CLANG_WARN_OBJC_LITERAL_CONVERSION = YES;
				CLANG_WARN_OBJC_ROOT_CLASS = YES_ERROR;
				CLANG_WARN_RANGE_LOOP_ANALYSIS = YES;
				CLANG_WARN_STRICT_PROTOTYPES = YES;
				CLANG_WARN_SUSPICIOUS_MOVE = YES;
				CLANG_WARN_UNGUARDED_AVAILABILITY = YES_AGGRESSIVE;
				CLANG_WARN_UNREACHABLE_CODE = YES;
				CLANG_WARN__DUPLICATE_METHOD_MATCH = YES;
				CODE_SIGN_IDENTITY = "iPhone Developer";
				COPY_PHASE_STRIP = NO;
				DEBUG_INFORMATION_FORMAT = dwarf;
				ENABLE_STRICT_OBJC_MSGSEND = YES;
				ENABLE_TESTABILITY = YES;
				GCC_C_LANGUAGE_STANDARD = gnu11;
				GCC_DYNAMIC_NO_PIC = NO;
				GCC_NO_COMMON_BLOCKS = YES;
				GCC_OPTIMIZATION_LEVEL = 0;
				GCC_PREPROCESSOR_DEFINITIONS = (
					"DEBUG=1",
					"$(inherited)",
				);
				GCC_WARN_64_TO_32_BIT_CONVERSION = YES;
				GCC_WARN_ABOUT_RETURN_TYPE = YES_ERROR;
				GCC_WARN_UNDECLARED_SELECTOR = YES;
				GCC_WARN_UNINITIALIZED_AUTOS = YES_AGGRESSIVE;
				GCC_WARN_UNUSED_FUNCTION = YES;
				GCC_WARN_UNUSED_VARIABLE = YES;
				IPHONEOS_DEPLOYMENT_TARGET = 11.3;
				MTL_ENABLE_DEBUG_INFO = YES;
				ONLY_ACTIVE_ARCH = YES;
				SDKROOT = iphoneos;
				SWIFT_ACTIVE_COMPILATION_CONDITIONS = DEBUG;
				SWIFT_OPTIMIZATION_LEVEL = "-Onone";
			};
			name = Debug;
		};
		ED1E549920C7E95C00418F22 /* Release */ = {
			isa = XCBuildConfiguration;
			buildSettings = {
				ALWAYS_SEARCH_USER_PATHS = NO;
				CLANG_ANALYZER_NONNULL = YES;
				CLANG_ANALYZER_NUMBER_OBJECT_CONVERSION = YES_AGGRESSIVE;
				CLANG_CXX_LANGUAGE_STANDARD = "gnu++14";
				CLANG_CXX_LIBRARY = "libc++";
				CLANG_ENABLE_MODULES = YES;
				CLANG_ENABLE_OBJC_ARC = YES;
				CLANG_ENABLE_OBJC_WEAK = YES;
				CLANG_WARN_BLOCK_CAPTURE_AUTORELEASING = YES;
				CLANG_WARN_BOOL_CONVERSION = YES;
				CLANG_WARN_COMMA = YES;
				CLANG_WARN_CONSTANT_CONVERSION = YES;
				CLANG_WARN_DEPRECATED_OBJC_IMPLEMENTATIONS = YES;
				CLANG_WARN_DIRECT_OBJC_ISA_USAGE = YES_ERROR;
				CLANG_WARN_DOCUMENTATION_COMMENTS = YES;
				CLANG_WARN_EMPTY_BODY = YES;
				CLANG_WARN_ENUM_CONVERSION = YES;
				CLANG_WARN_INFINITE_RECURSION = YES;
				CLANG_WARN_INT_CONVERSION = YES;
				CLANG_WARN_NON_LITERAL_NULL_CONVERSION = YES;
				CLANG_WARN_OBJC_IMPLICIT_RETAIN_SELF = YES;
				CLANG_WARN_OBJC_LITERAL_CONVERSION = YES;
				CLANG_WARN_OBJC_ROOT_CLASS = YES_ERROR;
				CLANG_WARN_RANGE_LOOP_ANALYSIS = YES;
				CLANG_WARN_STRICT_PROTOTYPES = YES;
				CLANG_WARN_SUSPICIOUS_MOVE = YES;
				CLANG_WARN_UNGUARDED_AVAILABILITY = YES_AGGRESSIVE;
				CLANG_WARN_UNREACHABLE_CODE = YES;
				CLANG_WARN__DUPLICATE_METHOD_MATCH = YES;
				CODE_SIGN_IDENTITY = "iPhone Developer";
				COPY_PHASE_STRIP = NO;
				DEBUG_INFORMATION_FORMAT = "dwarf-with-dsym";
				ENABLE_NS_ASSERTIONS = NO;
				ENABLE_STRICT_OBJC_MSGSEND = YES;
				GCC_C_LANGUAGE_STANDARD = gnu11;
				GCC_NO_COMMON_BLOCKS = YES;
				GCC_WARN_64_TO_32_BIT_CONVERSION = YES;
				GCC_WARN_ABOUT_RETURN_TYPE = YES_ERROR;
				GCC_WARN_UNDECLARED_SELECTOR = YES;
				GCC_WARN_UNINITIALIZED_AUTOS = YES_AGGRESSIVE;
				GCC_WARN_UNUSED_FUNCTION = YES;
				GCC_WARN_UNUSED_VARIABLE = YES;
				IPHONEOS_DEPLOYMENT_TARGET = 11.3;
				MTL_ENABLE_DEBUG_INFO = NO;
				SDKROOT = iphoneos;
				SWIFT_COMPILATION_MODE = wholemodule;
				SWIFT_OPTIMIZATION_LEVEL = "-O";
				VALIDATE_PRODUCT = YES;
			};
			name = Release;
		};
		ED1E549B20C7E95C00418F22 /* Debug */ = {
			isa = XCBuildConfiguration;
			buildSettings = {
				ASSETCATALOG_COMPILER_APPICON_NAME = AppIcon;
				CODE_SIGN_STYLE = Automatic;
				INFOPLIST_FILE = MultipartImageUpload/Info.plist;
				LD_RUNPATH_SEARCH_PATHS = (
					"$(inherited)",
					"@executable_path/Frameworks",
				);
				PRODUCT_BUNDLE_IDENTIFIER = com.vishal.MultipartImageUpload;
				PRODUCT_NAME = "$(TARGET_NAME)";
				SWIFT_VERSION = 4.0;
				TARGETED_DEVICE_FAMILY = "1,2";
			};
			name = Debug;
		};
		ED1E549C20C7E95C00418F22 /* Release */ = {
			isa = XCBuildConfiguration;
			buildSettings = {
				ASSETCATALOG_COMPILER_APPICON_NAME = AppIcon;
				CODE_SIGN_STYLE = Automatic;
				INFOPLIST_FILE = MultipartImageUpload/Info.plist;
				LD_RUNPATH_SEARCH_PATHS = (
					"$(inherited)",
					"@executable_path/Frameworks",
				);
				PRODUCT_BUNDLE_IDENTIFIER = com.vishal.MultipartImageUpload;
				PRODUCT_NAME = "$(TARGET_NAME)";
				SWIFT_VERSION = 4.0;
				TARGETED_DEVICE_FAMILY = "1,2";
			};
			name = Release;
		};
/* End XCBuildConfiguration section */

/* Begin XCConfigurationList section */
		ED1E548320C7E95900418F22 /* Build configuration list for PBXProject "MultipartImageUpload" */ = {
			isa = XCConfigurationList;
			buildConfigurations = (
				ED1E549820C7E95C00418F22 /* Debug */,
				ED1E549920C7E95C00418F22 /* Release */,
			);
			defaultConfigurationIsVisible = 0;
			defaultConfigurationName = Release;
		};
		ED1E549A20C7E95C00418F22 /* Build configuration list for PBXNativeTarget "MultipartImageUpload" */ = {
			isa = XCConfigurationList;
			buildConfigurations = (
				ED1E549B20C7E95C00418F22 /* Debug */,
				ED1E549C20C7E95C00418F22 /* Release */,
			);
			defaultConfigurationIsVisible = 0;
			defaultConfigurationName = Release;
		};
/* End XCConfigurationList section */
	};
	rootObject = ED1E548020C7E95900418F22 /* Project object */;
}
